github.com/PaulSonOfLars/gotgbot/v2 v2.0.0-rc.31 h1:SIkzqC6Nv+znY4NGbWlJceWdns8QVmf9cwAYXd7Cg8k=
github.com/PaulSonOfLars/gotgbot/v2 v2.0.0-rc.31/go.mod h1:kL1v4iIjlalwm3gCYGvF4NLa3hs+aKEfRkNJvj4aoDU=
github.com/sshturbo/GoTeleMD v0.1.6 h1:Zv0t5LXMMq/9HJ0DpDM/xIQPfinfKRUjXqmFJ6cwchg=
github.com/sshturbo/GoTeleMD v0.1.6/go.mod h1:9TgL1fbDy5Tx1mOypY+payEkVftzo4TmYPD2xk/SKl4=
