github.com/go-telegram-bot-api/telegram-bot-api/v5 v5.5.1 h1:wG8n/XJQ07TmjbITcGiUaOtXxdrINDz1b0J1w0SzqDc=
github.com/go-telegram-bot-api/telegram-bot-api/v5 v5.5.1/go.mod h1:A2S0CWkNylc2phvKXWBBdD3K0iGnDBGbzRpISP2zBl8=
github.com/sshturbo/GoTeleMD v0.1.7 h1:rOtzT0bb/EN1n0lFNMh0vd9vaqJozDhafi1aQELGTK8=
github.com/sshturbo/GoTeleMD v0.1.7/go.mod h1:9TgL1fbDy5Tx1mOypY+payEkVftzo4TmYPD2xk/SKl4=
